
Microsoft Visual Studio Solution File, Format Version 12.00
# Visual Studio Version 16
VisualStudioVersion = 16.0.29613.14
MinimumVisualStudioVersion = 10.0.40219.1
Project("{FAE04EC0-301F-11D3-BF4B-00C04F79EFBC}") = "insta", "insta\insta.csproj", "{4092FD7D-91F7-4724-9D68-6CC3155BB442}"
EndProject
Global
	GlobalSection(SolutionConfigurationPlatforms) = preSolution
		Debug|Any CPU = Debug|Any CPU
		Release|Any CPU = Release|Any CPU
	EndGlobalSection
	GlobalSection(ProjectConfigurationPlatforms) = postSolution
		{4092FD7D-91F7-4724-9D68-6CC3155BB442}.Debug|Any CPU.ActiveCfg = Debug|Any CPU
		{4092FD7D-91F7-4724-9D68-6CC3155BB442}.Debug|Any CPU.Build.0 = Debug|Any CPU
		{4092FD7D-91F7-4724-9D68-6CC3155BB442}.Release|Any CPU.ActiveCfg = Release|Any CPU
		{4092FD7D-91F7-4724-9D68-6CC3155BB442}.Release|Any CPU.Build.0 = Release|Any CPU
	EndGlobalSection
	GlobalSection(SolutionProperties) = preSolution
		HideSolutionNode = FALSE
	EndGlobalSection
	GlobalSection(ExtensibilityGlobals) = postSolution
		SolutionGuid = {7070C3A5-CC26-4476-B26B-853F00348DAD}
	EndGlobalSection
EndGlobal
